
Microsoft Visual Studio Solution File, Format Version 12.00
# Visual Studio Version 16
VisualStudioVersion = 16.0.29911.84
MinimumVisualStudioVersion = 15.0.26124.0
Project("{2150E333-8FDC-42A3-9474-1A3956D46DE8}") = "atrifacts", "atrifacts", "{9477B7DB-DD43-4024-A64C-6C0F9A197485}"
	ProjectSection(SolutionItems) = preProject
		.github\workflows\allInOne.yml = .github\workflows\allInOne.yml
		build.cake = build.cake
		Directory.Build.props = Directory.Build.props
		Directory.Build.targets = Directory.Build.targets
		dotnet-tools.json = dotnet-tools.json
		README.md = README.md
	EndProjectSection
EndProject
Project("{2150E333-8FDC-42A3-9474-1A3956D46DE8}") = "src", "src", "{50258B56-3B1B-4393-9402-B0F69CDC14D5}"
EndProject
Project("{2150E333-8FDC-42A3-9474-1A3956D46DE8}") = "tests", "tests", "{FF996EAB-8D6C-4463-A10E-DE697E14E6BD}"
EndProject
Project("{9A19103F-16F7-4668-BE54-9A1E7A4F7556}") = "Flour.BlobStorage.AmazonS3", "src\Flour.BlobStorage.AmazonS3\Flour.BlobStorage.AmazonS3.csproj", "{639C6F49-2C40-41CD-8681-4F1708EADEB8}"
EndProject
Project("{9A19103F-16F7-4668-BE54-9A1E7A4F7556}") = "Flour.BlobStorage.Contracts", "src\Flour.BlobStorage.Contracts\Flour.BlobStorage.Contracts.csproj", "{E383CBCB-24DC-411B-8EF4-3BC680D3F6F1}"
EndProject
Project("{9A19103F-16F7-4668-BE54-9A1E7A4F7556}") = "Flour.BrokersContracts", "src\Flour.BrokersContracts\Flour.BrokersContracts.csproj", "{3287CB0B-25F8-49F5-BD5D-879956D10D05}"
EndProject
Project("{9A19103F-16F7-4668-BE54-9A1E7A4F7556}") = "Flour.Commons", "src\Flour.Commons\Flour.Commons.csproj", "{D9D5F228-07E1-4FDE-A108-6911631B3EF4}"
EndProject
Project("{9A19103F-16F7-4668-BE54-9A1E7A4F7556}") = "Flour.CQRS", "src\Flour.CQRS\Flour.CQRS.csproj", "{EC904607-8F10-4F2E-BEBE-BA5A24BA7BEC}"
EndProject
Project("{9A19103F-16F7-4668-BE54-9A1E7A4F7556}") = "Flour.CQRS.Brokers", "src\Flour.CQRS.Brokers\Flour.CQRS.Brokers.csproj", "{97A9D4F5-A4CB-41C9-9AB5-AAF3E54C84CF}"
EndProject
Project("{9A19103F-16F7-4668-BE54-9A1E7A4F7556}") = "Flour.Logging", "src\Flour.Logging\Flour.Logging.csproj", "{CEFA0525-D5E9-46B7-AB76-E220DB3C6F85}"
EndProject
Project("{9A19103F-16F7-4668-BE54-9A1E7A4F7556}") = "Flour.RabbitMQ", "src\Flour.RabbitMQ\Flour.RabbitMQ.csproj", "{F6345C4D-69E9-4F29-8B88-B596B2BFB8C8}"
EndProject
Project("{9A19103F-16F7-4668-BE54-9A1E7A4F7556}") = "Flour.Swagger", "src\Flour.Swagger\Flour.Swagger.csproj", "{EEB154B6-2697-4B78-9EC7-B1EC2016B4CB}"
EndProject
Project("{9A19103F-16F7-4668-BE54-9A1E7A4F7556}") = "Flour.BlobStorage.AmazonS3.Tests", "tests\Flour.BlobStorage.AmazonS3.Tests\Flour.BlobStorage.AmazonS3.Tests.csproj", "{331A0FC5-9A7F-4625-878B-7D7F98DEFE27}"
EndProject
Project("{9A19103F-16F7-4668-BE54-9A1E7A4F7556}") = "Flour.BlobStorage.Contracts.Tests", "tests\Flour.BlobStorage.Contracts.Tests\Flour.BlobStorage.Contracts.Tests.csproj", "{7D99AB95-6027-4F14-87FC-7AEF1CC12A53}"
EndProject
Project("{9A19103F-16F7-4668-BE54-9A1E7A4F7556}") = "Flour.BrokersContracts.Tests", "tests\Flour.BrokersContracts.Tests\Flour.BrokersContracts.Tests.csproj", "{5D28925D-9412-44CD-8AA2-BB9A80F4ACAD}"
EndProject
Project("{9A19103F-16F7-4668-BE54-9A1E7A4F7556}") = "Flour.Commons.Tests", "tests\Flour.Commons.Tests\Flour.Commons.Tests.csproj", "{F2008548-FFA3-43AA-B2B9-CE453D52F2F1}"
EndProject
Project("{9A19103F-16F7-4668-BE54-9A1E7A4F7556}") = "Flour.CQRS.Tests", "tests\Flour.CQRS.Tests\Flour.CQRS.Tests.csproj", "{4B2A5306-EF24-441E-A451-356AA6B65F77}"
EndProject
Project("{9A19103F-16F7-4668-BE54-9A1E7A4F7556}") = "Flour.Logging.Tests", "tests\Flour.Logging.Tests\Flour.Logging.Tests.csproj", "{899B8394-5EF8-4641-824C-90AD32EDA649}"
EndProject
Project("{9A19103F-16F7-4668-BE54-9A1E7A4F7556}") = "Flour.Tracing.Jaeger.Tests", "tests\Flour.Tracing.Jaeger.Tests\Flour.Tracing.Jaeger.Tests.csproj", "{644AC9D3-D10E-4D3B-87D8-272C4B411E17}"
EndProject
Project("{FAE04EC0-301F-11D3-BF4B-00C04F79EFBC}") = "Flour.Vault", "src\Flour.Vault\Flour.Vault.csproj", "{6F532F60-5F6C-49DC-AEC4-6F54A65C2B20}"
EndProject
Project("{FAE04EC0-301F-11D3-BF4B-00C04F79EFBC}") = "Flour.Vault.Tests", "tests\Flour.Vault.Tests\Flour.Vault.Tests.csproj", "{119B0FB3-4FD1-489F-902F-73DCF6B1EC7F}"
EndProject
Project("{FAE04EC0-301F-11D3-BF4B-00C04F79EFBC}") = "Flour.IOBox", "src\Flour.IOBox\Flour.IOBox.csproj", "{46A31483-4843-4C97-B352-BB0FBBCA205A}"
EndProject
Project("{FAE04EC0-301F-11D3-BF4B-00C04F79EFBC}") = "Flour.IOBox.Tests", "tests\Flour.IOBox.Tests\Flour.IOBox.Tests.csproj", "{BDAB6D67-104F-491E-834F-975A8CEEE7B7}"
EndProject
Project("{FAE04EC0-301F-11D3-BF4B-00C04F79EFBC}") = "Flour.Metrics.Prometheus", "src\Flour.Metrics.Prometheus\Flour.Metrics.Prometheus.csproj", "{F89BE6F8-AC4B-43D1-BDD7-0C84385FE7B6}"
EndProject
Project("{FAE04EC0-301F-11D3-BF4B-00C04F79EFBC}") = "Flour.Metrics.Prometheus.Tests", "tests\Flour.Metrics.Prometheus.Tests\Flour.Metrics.Prometheus.Tests.csproj", "{46220EA2-4085-4B38-85F3-BCE431FC2F14}"
EndProject
Project("{2150E333-8FDC-42A3-9474-1A3956D46DE8}") = "redis", "redis", "{42C9FC42-2B1A-418D-ADB5-E50904767E0D}"
EndProject
Project("{FAE04EC0-301F-11D3-BF4B-00C04F79EFBC}") = "Flour.Redis.Abstractions", "src\Flour.Redis.Abstractions\Flour.Redis.Abstractions.csproj", "{86565DB2-1E5D-4593-9CB4-D4411D61A10A}"
EndProject
Project("{FAE04EC0-301F-11D3-BF4B-00C04F79EFBC}") = "Flour.Redis.DistributedCache", "src\Flour.Redis.DistributedCache\Flour.Redis.DistributedCache.csproj", "{18BFF07C-5496-4260-83AA-69F9F52169CA}"
EndProject
Project("{FAE04EC0-301F-11D3-BF4B-00C04F79EFBC}") = "Flour.Redis.DistributedLock", "src\Flour.Redis.DistributedLock\Flour.Redis.DistributedLock.csproj", "{046B6197-DAAC-473E-B534-1C92AFEBF518}"
EndProject
Project("{FAE04EC0-301F-11D3-BF4B-00C04F79EFBC}") = "Flour.Redis", "src\Flour.Redis\Flour.Redis.csproj", "{04C85479-DE2C-4B7F-BFFC-41F77D48AA3D}"
EndProject
Project("{FAE04EC0-301F-11D3-BF4B-00C04F79EFBC}") = "Flour.Otel", "src\Flour.Otel\Flour.Otel.csproj", "{7230755D-84C5-4270-B718-DEE56F321FBA}"
EndProject
Project("{FAE04EC0-301F-11D3-BF4B-00C04F79EFBC}") = "Flour.Grpc", "src\Flour.Grpc\Flour.Grpc.csproj", "{216B8109-78E6-413F-9A28-007B736E1BA9}"
EndProject
Project("{2150E333-8FDC-42A3-9474-1A3956D46DE8}") = "serviceBus", "serviceBus", "{84293632-CD07-47DE-A14E-AC1288738E8F}"
EndProject
Project("{FAE04EC0-301F-11D3-BF4B-00C04F79EFBC}") = "Flour.ServiceBus.Abstractions", "src\Flour.ServiceBus.Abstractions\Flour.ServiceBus.Abstractions.csproj", "{F9BADE5A-178A-4CD3-BB88-F98244FB4644}"
EndProject
Project("{FAE04EC0-301F-11D3-BF4B-00C04F79EFBC}") = "Flour.ServiceBus.MassTransit.RabbitMq", "src\Flour.ServiceBus.MassTransit.RabbitMq\Flour.ServiceBus.MassTransit.RabbitMq.csproj", "{DD3359FA-B0C5-4978-A272-56F420665C37}"
EndProject
Project("{FAE04EC0-301F-11D3-BF4B-00C04F79EFBC}") = "Flour.ServiceBus.MassTransit.RabbitMq.Decorators", "src\Flour.ServiceBus.MassTransit.RabbitMq.Decorators\Flour.ServiceBus.MassTransit.RabbitMq.Decorators.csproj", "{9B89A939-6418-47DD-B608-2BE2C26BC9A3}"
EndProject
Project("{FAE04EC0-301F-11D3-BF4B-00C04F79EFBC}") = "Flour.ServiceBus.MassTransit.RabbitMq.DependencyInjection", "src\Flour.ServiceBus.MassTransit.RabbitMq.DependencyInjection\Flour.ServiceBus.MassTransit.RabbitMq.DependencyInjection.csproj", "{D379EADB-1C68-4A99-9F9E-A4CC568818C7}"
EndProject
Project("{2150E333-8FDC-42A3-9474-1A3956D46DE8}") = "blob", "blob", "{6CC51E82-97FC-406B-94FD-02B984F3AB2E}"
EndProject
Project("{FAE04EC0-301F-11D3-BF4B-00C04F79EFBC}") = "Flour.BlobStorage.GoogleCs", "src\Flour.BlobStorage.GoogleCs\Flour.BlobStorage.GoogleCs.csproj", "{D306C0F4-59E2-4311-A45F-6ED75B1CF591}"
EndProject
Global
	GlobalSection(SolutionConfigurationPlatforms) = preSolution
		Debug|Any CPU = Debug|Any CPU
		Release|Any CPU = Release|Any CPU
	EndGlobalSection
	GlobalSection(ProjectConfigurationPlatforms) = postSolution
		{639C6F49-2C40-41CD-8681-4F1708EADEB8}.Debug|Any CPU.ActiveCfg = Debug|Any CPU
		{639C6F49-2C40-41CD-8681-4F1708EADEB8}.Debug|Any CPU.Build.0 = Debug|Any CPU
		{639C6F49-2C40-41CD-8681-4F1708EADEB8}.Release|Any CPU.ActiveCfg = Release|Any CPU
		{639C6F49-2C40-41CD-8681-4F1708EADEB8}.Release|Any CPU.Build.0 = Release|Any CPU
		{E383CBCB-24DC-411B-8EF4-3BC680D3F6F1}.Debug|Any CPU.ActiveCfg = Debug|Any CPU
		{E383CBCB-24DC-411B-8EF4-3BC680D3F6F1}.Debug|Any CPU.Build.0 = Debug|Any CPU
		{E383CBCB-24DC-411B-8EF4-3BC680D3F6F1}.Release|Any CPU.ActiveCfg = Release|Any CPU
		{E383CBCB-24DC-411B-8EF4-3BC680D3F6F1}.Release|Any CPU.Build.0 = Release|Any CPU
		{3287CB0B-25F8-49F5-BD5D-879956D10D05}.Debug|Any CPU.ActiveCfg = Debug|Any CPU
		{3287CB0B-25F8-49F5-BD5D-879956D10D05}.Debug|Any CPU.Build.0 = Debug|Any CPU
		{3287CB0B-25F8-49F5-BD5D-879956D10D05}.Release|Any CPU.ActiveCfg = Release|Any CPU
		{3287CB0B-25F8-49F5-BD5D-879956D10D05}.Release|Any CPU.Build.0 = Release|Any CPU
		{D9D5F228-07E1-4FDE-A108-6911631B3EF4}.Debug|Any CPU.ActiveCfg = Debug|Any CPU
		{D9D5F228-07E1-4FDE-A108-6911631B3EF4}.Debug|Any CPU.Build.0 = Debug|Any CPU
		{D9D5F228-07E1-4FDE-A108-6911631B3EF4}.Release|Any CPU.ActiveCfg = Release|Any CPU
		{D9D5F228-07E1-4FDE-A108-6911631B3EF4}.Release|Any CPU.Build.0 = Release|Any CPU
		{EC904607-8F10-4F2E-BEBE-BA5A24BA7BEC}.Debug|Any CPU.ActiveCfg = Debug|Any CPU
		{EC904607-8F10-4F2E-BEBE-BA5A24BA7BEC}.Debug|Any CPU.Build.0 = Debug|Any CPU
		{EC904607-8F10-4F2E-BEBE-BA5A24BA7BEC}.Release|Any CPU.ActiveCfg = Release|Any CPU
		{EC904607-8F10-4F2E-BEBE-BA5A24BA7BEC}.Release|Any CPU.Build.0 = Release|Any CPU
		{97A9D4F5-A4CB-41C9-9AB5-AAF3E54C84CF}.Debug|Any CPU.ActiveCfg = Debug|Any CPU
		{97A9D4F5-A4CB-41C9-9AB5-AAF3E54C84CF}.Debug|Any CPU.Build.0 = Debug|Any CPU
		{97A9D4F5-A4CB-41C9-9AB5-AAF3E54C84CF}.Release|Any CPU.ActiveCfg = Release|Any CPU
		{97A9D4F5-A4CB-41C9-9AB5-AAF3E54C84CF}.Release|Any CPU.Build.0 = Release|Any CPU
		{CEFA0525-D5E9-46B7-AB76-E220DB3C6F85}.Debug|Any CPU.ActiveCfg = Debug|Any CPU
		{CEFA0525-D5E9-46B7-AB76-E220DB3C6F85}.Debug|Any CPU.Build.0 = Debug|Any CPU
		{CEFA0525-D5E9-46B7-AB76-E220DB3C6F85}.Release|Any CPU.ActiveCfg = Release|Any CPU
		{CEFA0525-D5E9-46B7-AB76-E220DB3C6F85}.Release|Any CPU.Build.0 = Release|Any CPU
		{F6345C4D-69E9-4F29-8B88-B596B2BFB8C8}.Debug|Any CPU.ActiveCfg = Debug|Any CPU
		{F6345C4D-69E9-4F29-8B88-B596B2BFB8C8}.Debug|Any CPU.Build.0 = Debug|Any CPU
		{F6345C4D-69E9-4F29-8B88-B596B2BFB8C8}.Release|Any CPU.ActiveCfg = Release|Any CPU
		{F6345C4D-69E9-4F29-8B88-B596B2BFB8C8}.Release|Any CPU.Build.0 = Release|Any CPU
		{EEB154B6-2697-4B78-9EC7-B1EC2016B4CB}.Debug|Any CPU.ActiveCfg = Debug|Any CPU
		{EEB154B6-2697-4B78-9EC7-B1EC2016B4CB}.Debug|Any CPU.Build.0 = Debug|Any CPU
		{EEB154B6-2697-4B78-9EC7-B1EC2016B4CB}.Release|Any CPU.ActiveCfg = Release|Any CPU
		{EEB154B6-2697-4B78-9EC7-B1EC2016B4CB}.Release|Any CPU.Build.0 = Release|Any CPU
		{331A0FC5-9A7F-4625-878B-7D7F98DEFE27}.Debug|Any CPU.ActiveCfg = Debug|Any CPU
		{331A0FC5-9A7F-4625-878B-7D7F98DEFE27}.Debug|Any CPU.Build.0 = Debug|Any CPU
		{331A0FC5-9A7F-4625-878B-7D7F98DEFE27}.Release|Any CPU.ActiveCfg = Release|Any CPU
		{331A0FC5-9A7F-4625-878B-7D7F98DEFE27}.Release|Any CPU.Build.0 = Release|Any CPU
		{7D99AB95-6027-4F14-87FC-7AEF1CC12A53}.Debug|Any CPU.ActiveCfg = Debug|Any CPU
		{7D99AB95-6027-4F14-87FC-7AEF1CC12A53}.Debug|Any CPU.Build.0 = Debug|Any CPU
		{7D99AB95-6027-4F14-87FC-7AEF1CC12A53}.Release|Any CPU.ActiveCfg = Release|Any CPU
		{7D99AB95-6027-4F14-87FC-7AEF1CC12A53}.Release|Any CPU.Build.0 = Release|Any CPU
		{5D28925D-9412-44CD-8AA2-BB9A80F4ACAD}.Debug|Any CPU.ActiveCfg = Debug|Any CPU
		{5D28925D-9412-44CD-8AA2-BB9A80F4ACAD}.Debug|Any CPU.Build.0 = Debug|Any CPU
		{5D28925D-9412-44CD-8AA2-BB9A80F4ACAD}.Release|Any CPU.ActiveCfg = Release|Any CPU
		{5D28925D-9412-44CD-8AA2-BB9A80F4ACAD}.Release|Any CPU.Build.0 = Release|Any CPU
		{F2008548-FFA3-43AA-B2B9-CE453D52F2F1}.Debug|Any CPU.ActiveCfg = Debug|Any CPU
		{F2008548-FFA3-43AA-B2B9-CE453D52F2F1}.Debug|Any CPU.Build.0 = Debug|Any CPU
		{F2008548-FFA3-43AA-B2B9-CE453D52F2F1}.Release|Any CPU.ActiveCfg = Release|Any CPU
		{F2008548-FFA3-43AA-B2B9-CE453D52F2F1}.Release|Any CPU.Build.0 = Release|Any CPU
		{4B2A5306-EF24-441E-A451-356AA6B65F77}.Debug|Any CPU.ActiveCfg = Debug|Any CPU
		{4B2A5306-EF24-441E-A451-356AA6B65F77}.Debug|Any CPU.Build.0 = Debug|Any CPU
		{4B2A5306-EF24-441E-A451-356AA6B65F77}.Release|Any CPU.ActiveCfg = Release|Any CPU
		{4B2A5306-EF24-441E-A451-356AA6B65F77}.Release|Any CPU.Build.0 = Release|Any CPU
		{899B8394-5EF8-4641-824C-90AD32EDA649}.Debug|Any CPU.ActiveCfg = Debug|Any CPU
		{899B8394-5EF8-4641-824C-90AD32EDA649}.Debug|Any CPU.Build.0 = Debug|Any CPU
		{899B8394-5EF8-4641-824C-90AD32EDA649}.Release|Any CPU.ActiveCfg = Release|Any CPU
		{899B8394-5EF8-4641-824C-90AD32EDA649}.Release|Any CPU.Build.0 = Release|Any CPU
		{644AC9D3-D10E-4D3B-87D8-272C4B411E17}.Debug|Any CPU.ActiveCfg = Debug|Any CPU
		{644AC9D3-D10E-4D3B-87D8-272C4B411E17}.Debug|Any CPU.Build.0 = Debug|Any CPU
		{644AC9D3-D10E-4D3B-87D8-272C4B411E17}.Release|Any CPU.ActiveCfg = Release|Any CPU
		{644AC9D3-D10E-4D3B-87D8-272C4B411E17}.Release|Any CPU.Build.0 = Release|Any CPU
		{6F532F60-5F6C-49DC-AEC4-6F54A65C2B20}.Debug|Any CPU.ActiveCfg = Debug|Any CPU
		{6F532F60-5F6C-49DC-AEC4-6F54A65C2B20}.Debug|Any CPU.Build.0 = Debug|Any CPU
		{6F532F60-5F6C-49DC-AEC4-6F54A65C2B20}.Release|Any CPU.ActiveCfg = Release|Any CPU
		{6F532F60-5F6C-49DC-AEC4-6F54A65C2B20}.Release|Any CPU.Build.0 = Release|Any CPU
		{119B0FB3-4FD1-489F-902F-73DCF6B1EC7F}.Debug|Any CPU.ActiveCfg = Debug|Any CPU
		{119B0FB3-4FD1-489F-902F-73DCF6B1EC7F}.Debug|Any CPU.Build.0 = Debug|Any CPU
		{119B0FB3-4FD1-489F-902F-73DCF6B1EC7F}.Release|Any CPU.ActiveCfg = Release|Any CPU
		{119B0FB3-4FD1-489F-902F-73DCF6B1EC7F}.Release|Any CPU.Build.0 = Release|Any CPU
		{46A31483-4843-4C97-B352-BB0FBBCA205A}.Debug|Any CPU.ActiveCfg = Debug|Any CPU
		{46A31483-4843-4C97-B352-BB0FBBCA205A}.Debug|Any CPU.Build.0 = Debug|Any CPU
		{46A31483-4843-4C97-B352-BB0FBBCA205A}.Release|Any CPU.ActiveCfg = Release|Any CPU
		{46A31483-4843-4C97-B352-BB0FBBCA205A}.Release|Any CPU.Build.0 = Release|Any CPU
		{BDAB6D67-104F-491E-834F-975A8CEEE7B7}.Debug|Any CPU.ActiveCfg = Debug|Any CPU
		{BDAB6D67-104F-491E-834F-975A8CEEE7B7}.Debug|Any CPU.Build.0 = Debug|Any CPU
		{BDAB6D67-104F-491E-834F-975A8CEEE7B7}.Release|Any CPU.ActiveCfg = Release|Any CPU
		{BDAB6D67-104F-491E-834F-975A8CEEE7B7}.Release|Any CPU.Build.0 = Release|Any CPU
		{F89BE6F8-AC4B-43D1-BDD7-0C84385FE7B6}.Debug|Any CPU.ActiveCfg = Debug|Any CPU
		{F89BE6F8-AC4B-43D1-BDD7-0C84385FE7B6}.Debug|Any CPU.Build.0 = Debug|Any CPU
		{F89BE6F8-AC4B-43D1-BDD7-0C84385FE7B6}.Release|Any CPU.ActiveCfg = Release|Any CPU
		{F89BE6F8-AC4B-43D1-BDD7-0C84385FE7B6}.Release|Any CPU.Build.0 = Release|Any CPU
		{46220EA2-4085-4B38-85F3-BCE431FC2F14}.Debug|Any CPU.ActiveCfg = Debug|Any CPU
		{46220EA2-4085-4B38-85F3-BCE431FC2F14}.Debug|Any CPU.Build.0 = Debug|Any CPU
		{46220EA2-4085-4B38-85F3-BCE431FC2F14}.Release|Any CPU.ActiveCfg = Release|Any CPU
		{46220EA2-4085-4B38-85F3-BCE431FC2F14}.Release|Any CPU.Build.0 = Release|Any CPU
		{86565DB2-1E5D-4593-9CB4-D4411D61A10A}.Debug|Any CPU.ActiveCfg = Debug|Any CPU
		{86565DB2-1E5D-4593-9CB4-D4411D61A10A}.Debug|Any CPU.Build.0 = Debug|Any CPU
		{86565DB2-1E5D-4593-9CB4-D4411D61A10A}.Release|Any CPU.ActiveCfg = Release|Any CPU
		{86565DB2-1E5D-4593-9CB4-D4411D61A10A}.Release|Any CPU.Build.0 = Release|Any CPU
		{18BFF07C-5496-4260-83AA-69F9F52169CA}.Debug|Any CPU.ActiveCfg = Debug|Any CPU
		{18BFF07C-5496-4260-83AA-69F9F52169CA}.Debug|Any CPU.Build.0 = Debug|Any CPU
		{18BFF07C-5496-4260-83AA-69F9F52169CA}.Release|Any CPU.ActiveCfg = Release|Any CPU
		{18BFF07C-5496-4260-83AA-69F9F52169CA}.Release|Any CPU.Build.0 = Release|Any CPU
		{046B6197-DAAC-473E-B534-1C92AFEBF518}.Debug|Any CPU.ActiveCfg = Debug|Any CPU
		{046B6197-DAAC-473E-B534-1C92AFEBF518}.Debug|Any CPU.Build.0 = Debug|Any CPU
		{046B6197-DAAC-473E-B534-1C92AFEBF518}.Release|Any CPU.ActiveCfg = Release|Any CPU
		{046B6197-DAAC-473E-B534-1C92AFEBF518}.Release|Any CPU.Build.0 = Release|Any CPU
		{04C85479-DE2C-4B7F-BFFC-41F77D48AA3D}.Debug|Any CPU.ActiveCfg = Debug|Any CPU
		{04C85479-DE2C-4B7F-BFFC-41F77D48AA3D}.Debug|Any CPU.Build.0 = Debug|Any CPU
		{04C85479-DE2C-4B7F-BFFC-41F77D48AA3D}.Release|Any CPU.ActiveCfg = Release|Any CPU
		{04C85479-DE2C-4B7F-BFFC-41F77D48AA3D}.Release|Any CPU.Build.0 = Release|Any CPU
		{7230755D-84C5-4270-B718-DEE56F321FBA}.Debug|Any CPU.ActiveCfg = Debug|Any CPU
		{7230755D-84C5-4270-B718-DEE56F321FBA}.Debug|Any CPU.Build.0 = Debug|Any CPU
		{7230755D-84C5-4270-B718-DEE56F321FBA}.Release|Any CPU.ActiveCfg = Release|Any CPU
		{7230755D-84C5-4270-B718-DEE56F321FBA}.Release|Any CPU.Build.0 = Release|Any CPU
		{216B8109-78E6-413F-9A28-007B736E1BA9}.Debug|Any CPU.ActiveCfg = Debug|Any CPU
		{216B8109-78E6-413F-9A28-007B736E1BA9}.Debug|Any CPU.Build.0 = Debug|Any CPU
		{216B8109-78E6-413F-9A28-007B736E1BA9}.Release|Any CPU.ActiveCfg = Release|Any CPU
		{216B8109-78E6-413F-9A28-007B736E1BA9}.Release|Any CPU.Build.0 = Release|Any CPU
		{F9BADE5A-178A-4CD3-BB88-F98244FB4644}.Debug|Any CPU.ActiveCfg = Debug|Any CPU
		{F9BADE5A-178A-4CD3-BB88-F98244FB4644}.Debug|Any CPU.Build.0 = Debug|Any CPU
		{F9BADE5A-178A-4CD3-BB88-F98244FB4644}.Release|Any CPU.ActiveCfg = Release|Any CPU
		{F9BADE5A-178A-4CD3-BB88-F98244FB4644}.Release|Any CPU.Build.0 = Release|Any CPU
		{DD3359FA-B0C5-4978-A272-56F420665C37}.Debug|Any CPU.ActiveCfg = Debug|Any CPU
		{DD3359FA-B0C5-4978-A272-56F420665C37}.Debug|Any CPU.Build.0 = Debug|Any CPU
		{DD3359FA-B0C5-4978-A272-56F420665C37}.Release|Any CPU.ActiveCfg = Release|Any CPU
		{DD3359FA-B0C5-4978-A272-56F420665C37}.Release|Any CPU.Build.0 = Release|Any CPU
		{9B89A939-6418-47DD-B608-2BE2C26BC9A3}.Debug|Any CPU.ActiveCfg = Debug|Any CPU
		{9B89A939-6418-47DD-B608-2BE2C26BC9A3}.Debug|Any CPU.Build.0 = Debug|Any CPU
		{9B89A939-6418-47DD-B608-2BE2C26BC9A3}.Release|Any CPU.ActiveCfg = Release|Any CPU
		{9B89A939-6418-47DD-B608-2BE2C26BC9A3}.Release|Any CPU.Build.0 = Release|Any CPU
		{D379EADB-1C68-4A99-9F9E-A4CC568818C7}.Debug|Any CPU.ActiveCfg = Debug|Any CPU
		{D379EADB-1C68-4A99-9F9E-A4CC568818C7}.Debug|Any CPU.Build.0 = Debug|Any CPU
		{D379EADB-1C68-4A99-9F9E-A4CC568818C7}.Release|Any CPU.ActiveCfg = Release|Any CPU
		{D379EADB-1C68-4A99-9F9E-A4CC568818C7}.Release|Any CPU.Build.0 = Release|Any CPU
		{D306C0F4-59E2-4311-A45F-6ED75B1CF591}.Debug|Any CPU.ActiveCfg = Debug|Any CPU
		{D306C0F4-59E2-4311-A45F-6ED75B1CF591}.Debug|Any CPU.Build.0 = Debug|Any CPU
		{D306C0F4-59E2-4311-A45F-6ED75B1CF591}.Release|Any CPU.ActiveCfg = Release|Any CPU
		{D306C0F4-59E2-4311-A45F-6ED75B1CF591}.Release|Any CPU.Build.0 = Release|Any CPU
	EndGlobalSection
	GlobalSection(SolutionProperties) = preSolution
		HideSolutionNode = FALSE
	EndGlobalSection
	GlobalSection(NestedProjects) = preSolution
		{3287CB0B-25F8-49F5-BD5D-879956D10D05} = {50258B56-3B1B-4393-9402-B0F69CDC14D5}
		{D9D5F228-07E1-4FDE-A108-6911631B3EF4} = {50258B56-3B1B-4393-9402-B0F69CDC14D5}
		{EC904607-8F10-4F2E-BEBE-BA5A24BA7BEC} = {50258B56-3B1B-4393-9402-B0F69CDC14D5}
		{97A9D4F5-A4CB-41C9-9AB5-AAF3E54C84CF} = {50258B56-3B1B-4393-9402-B0F69CDC14D5}
		{CEFA0525-D5E9-46B7-AB76-E220DB3C6F85} = {50258B56-3B1B-4393-9402-B0F69CDC14D5}
		{F6345C4D-69E9-4F29-8B88-B596B2BFB8C8} = {50258B56-3B1B-4393-9402-B0F69CDC14D5}
		{EEB154B6-2697-4B78-9EC7-B1EC2016B4CB} = {50258B56-3B1B-4393-9402-B0F69CDC14D5}
		{331A0FC5-9A7F-4625-878B-7D7F98DEFE27} = {FF996EAB-8D6C-4463-A10E-DE697E14E6BD}
		{7D99AB95-6027-4F14-87FC-7AEF1CC12A53} = {FF996EAB-8D6C-4463-A10E-DE697E14E6BD}
		{5D28925D-9412-44CD-8AA2-BB9A80F4ACAD} = {FF996EAB-8D6C-4463-A10E-DE697E14E6BD}
		{F2008548-FFA3-43AA-B2B9-CE453D52F2F1} = {FF996EAB-8D6C-4463-A10E-DE697E14E6BD}
		{4B2A5306-EF24-441E-A451-356AA6B65F77} = {FF996EAB-8D6C-4463-A10E-DE697E14E6BD}
		{899B8394-5EF8-4641-824C-90AD32EDA649} = {FF996EAB-8D6C-4463-A10E-DE697E14E6BD}
		{644AC9D3-D10E-4D3B-87D8-272C4B411E17} = {FF996EAB-8D6C-4463-A10E-DE697E14E6BD}
		{6F532F60-5F6C-49DC-AEC4-6F54A65C2B20} = {50258B56-3B1B-4393-9402-B0F69CDC14D5}
		{119B0FB3-4FD1-489F-902F-73DCF6B1EC7F} = {FF996EAB-8D6C-4463-A10E-DE697E14E6BD}
		{46A31483-4843-4C97-B352-BB0FBBCA205A} = {50258B56-3B1B-4393-9402-B0F69CDC14D5}
		{BDAB6D67-104F-491E-834F-975A8CEEE7B7} = {FF996EAB-8D6C-4463-A10E-DE697E14E6BD}
		{F89BE6F8-AC4B-43D1-BDD7-0C84385FE7B6} = {50258B56-3B1B-4393-9402-B0F69CDC14D5}
		{46220EA2-4085-4B38-85F3-BCE431FC2F14} = {FF996EAB-8D6C-4463-A10E-DE697E14E6BD}
		{42C9FC42-2B1A-418D-ADB5-E50904767E0D} = {50258B56-3B1B-4393-9402-B0F69CDC14D5}
		{86565DB2-1E5D-4593-9CB4-D4411D61A10A} = {42C9FC42-2B1A-418D-ADB5-E50904767E0D}
		{18BFF07C-5496-4260-83AA-69F9F52169CA} = {42C9FC42-2B1A-418D-ADB5-E50904767E0D}
		{046B6197-DAAC-473E-B534-1C92AFEBF518} = {42C9FC42-2B1A-418D-ADB5-E50904767E0D}
		{04C85479-DE2C-4B7F-BFFC-41F77D48AA3D} = {42C9FC42-2B1A-418D-ADB5-E50904767E0D}
		{7230755D-84C5-4270-B718-DEE56F321FBA} = {50258B56-3B1B-4393-9402-B0F69CDC14D5}
		{216B8109-78E6-413F-9A28-007B736E1BA9} = {50258B56-3B1B-4393-9402-B0F69CDC14D5}
		{84293632-CD07-47DE-A14E-AC1288738E8F} = {50258B56-3B1B-4393-9402-B0F69CDC14D5}
		{F9BADE5A-178A-4CD3-BB88-F98244FB4644} = {84293632-CD07-47DE-A14E-AC1288738E8F}
		{DD3359FA-B0C5-4978-A272-56F420665C37} = {84293632-CD07-47DE-A14E-AC1288738E8F}
		{9B89A939-6418-47DD-B608-2BE2C26BC9A3} = {84293632-CD07-47DE-A14E-AC1288738E8F}
		{D379EADB-1C68-4A99-9F9E-A4CC568818C7} = {84293632-CD07-47DE-A14E-AC1288738E8F}
		{6CC51E82-97FC-406B-94FD-02B984F3AB2E} = {50258B56-3B1B-4393-9402-B0F69CDC14D5}
		{639C6F49-2C40-41CD-8681-4F1708EADEB8} = {6CC51E82-97FC-406B-94FD-02B984F3AB2E}
		{E383CBCB-24DC-411B-8EF4-3BC680D3F6F1} = {6CC51E82-97FC-406B-94FD-02B984F3AB2E}
		{D306C0F4-59E2-4311-A45F-6ED75B1CF591} = {6CC51E82-97FC-406B-94FD-02B984F3AB2E}
	EndGlobalSection
	GlobalSection(ExtensibilityGlobals) = postSolution
		SolutionGuid = {0E62E62B-D512-4595-88CC-DCD54B23A1E8}
	EndGlobalSection
EndGlobal
