
Microsoft Visual Studio Solution File, Format Version 12.00
# Visual Studio Version 16
VisualStudioVersion = 16.0.29911.84
MinimumVisualStudioVersion = 15.0.26124.0
Project("{2150E333-8FDC-42A3-9474-1A3956D46DE8}") = "src", "src", "{6ACD041F-4E18-44F6-B568-1A816D47C007}"
EndProject
Project("{2150E333-8FDC-42A3-9474-1A3956D46DE8}") = "shared", "shared", "{A0807BAF-8A67-4617-B1D7-0E6C5C659665}"
EndProject
Project("{9A19103F-16F7-4668-BE54-9A1E7A4F7556}") = "Flour.BrokersContracts", "src\shared\Flour.BrokersContracts\Flour.BrokersContracts.csproj", "{5CCA3B8E-94CC-456C-A2E4-7C3C674C42A1}"
EndProject
Project("{9A19103F-16F7-4668-BE54-9A1E7A4F7556}") = "Flour.CQRS", "src\shared\Flour.CQRS\Flour.CQRS.csproj", "{1940E3EB-C97F-4C4E-ADBD-37D5836B45DE}"
EndProject
Project("{9A19103F-16F7-4668-BE54-9A1E7A4F7556}") = "Flour.Logging", "src\shared\Flour.Logging\Flour.Logging.csproj", "{1E4F5A38-6484-4C53-866A-090B1E395F87}"
EndProject
Project("{9A19103F-16F7-4668-BE54-9A1E7A4F7556}") = "Flour.Swagger", "src\shared\Flour.Swagger\Flour.Swagger.csproj", "{37761F7A-D44D-42FA-88B3-B30DC3613F22}"
EndProject
Project("{9A19103F-16F7-4668-BE54-9A1E7A4F7556}") = "SF.API", "src\SF.API\SF.API.csproj", "{DAC9F694-E7B2-461B-8321-8EA31CA26A6B}"
EndProject
Project("{9A19103F-16F7-4668-BE54-9A1E7A4F7556}") = "Flour.RabbitMQ", "src\shared\Flour.RabbitMQ\Flour.RabbitMQ.csproj", "{198EFC00-A763-4A6C-A4C6-BB0E2F00C03C}"
EndProject
Project("{9A19103F-16F7-4668-BE54-9A1E7A4F7556}") = "Flour.Commons", "src\shared\Flour.Commons\Flour.Commons.csproj", "{AF4345D7-2140-46BC-B490-5D073D4D2091}"
EndProject
Project("{9A19103F-16F7-4668-BE54-9A1E7A4F7556}") = "Flour.CQRS.Brokers", "src\shared\Flour.CQRS.Brokers\Flour.CQRS.Brokers.csproj", "{C963FF2D-3596-4252-A9DE-C6FFB72AD20C}"
EndProject
Project("{9A19103F-16F7-4668-BE54-9A1E7A4F7556}") = "Flour.WebKitPDF", "src\shared\Flour.WebKitPDF\Flour.WebKitPDF.csproj", "{A19F4907-EDE3-4019-9249-11A04145958C}"
EndProject
Project("{9A19103F-16F7-4668-BE54-9A1E7A4F7556}") = "SF.Orders", "src\SF.Orders\SF.Orders.csproj", "{E42218DD-8EE7-46B0-B59F-B3242F7829D2}"
EndProject
Project("{2150E333-8FDC-42A3-9474-1A3956D46DE8}") = "Solution Items", "Solution Items", "{C194D700-38B4-403B-82FC-EB41DEC292A3}"
	ProjectSection(SolutionItems) = preProject
		.github\workflows\brokers-contracts.yml = .github\workflows\brokers-contracts.yml
		src\shared\dotnet-tools.json = src\shared\dotnet-tools.json
		README.md = README.md
	EndProjectSection
EndProject
Project("{9A19103F-16F7-4668-BE54-9A1E7A4F7556}") = "Flour.Tracing.Jaeger", "src\shared\Flour.Tracing.Jaeger\Flour.Tracing.Jaeger.csproj", "{3021944D-841B-420B-BEA6-CC402AC51038}"
EndProject
Project("{2150E333-8FDC-42A3-9474-1A3956D46DE8}") = "test", "test", "{7FEA9686-8E0F-4F9F-A56F-4A403D77A419}"
EndProject
Project("{9A19103F-16F7-4668-BE54-9A1E7A4F7556}") = "Flour.BrokersContracts.Tests", "src\tests\Flour.BrokersContracts.Tests\Flour.BrokersContracts.Tests.csproj", "{8BD12788-D924-4929-87C2-4F25FF76D5E3}"
EndProject
Project("{9A19103F-16F7-4668-BE54-9A1E7A4F7556}") = "Flour.BlobStorage.Contracts", "src\shared\Flour.BlobStorage.Contracts\Flour.BlobStorage.Contracts.csproj", "{A6E5CAE1-D605-4437-8FC5-406C0416598E}"
EndProject
Project("{9A19103F-16F7-4668-BE54-9A1E7A4F7556}") = "Flour.CQRS.Tests", "src\tests\Flour.CQRS.Tests\Flour.CQRS.Tests.csproj", "{6C4131A7-98AE-41C2-82E0-630820896C05}"
EndProject
Project("{9A19103F-16F7-4668-BE54-9A1E7A4F7556}") = "Flour.Logging.Tests", "src\tests\Flour.Logging.Tests\Flour.Logging.Tests.csproj", "{990CDB3F-DDAB-4473-B129-1A30A51E5694}"
EndProject
Project("{9A19103F-16F7-4668-BE54-9A1E7A4F7556}") = "Flour.Commons.Tests", "src\tests\Flour.Commons.Tests\Flour.Commons.Tests.csproj", "{56612CFF-4213-49B7-9682-35D9B7AF2EC4}"
EndProject
Project("{FAE04EC0-301F-11D3-BF4B-00C04F79EFBC}") = "Flour.Tracing.Jaeger.Tests", "Flour.Tracing.Jaeger.Tests\Flour.Tracing.Jaeger.Tests.csproj", "{1080C319-4B9D-4E23-ADB9-73864FD81670}"
EndProject
Global
	GlobalSection(SolutionConfigurationPlatforms) = preSolution
		Debug|Any CPU = Debug|Any CPU
		Debug|x64 = Debug|x64
		Debug|x86 = Debug|x86
		Release|Any CPU = Release|Any CPU
		Release|x64 = Release|x64
		Release|x86 = Release|x86
	EndGlobalSection
	GlobalSection(ProjectConfigurationPlatforms) = postSolution
		{5CCA3B8E-94CC-456C-A2E4-7C3C674C42A1}.Debug|Any CPU.ActiveCfg = Debug|Any CPU
		{5CCA3B8E-94CC-456C-A2E4-7C3C674C42A1}.Debug|Any CPU.Build.0 = Debug|Any CPU
		{5CCA3B8E-94CC-456C-A2E4-7C3C674C42A1}.Debug|x64.ActiveCfg = Debug|Any CPU
		{5CCA3B8E-94CC-456C-A2E4-7C3C674C42A1}.Debug|x64.Build.0 = Debug|Any CPU
		{5CCA3B8E-94CC-456C-A2E4-7C3C674C42A1}.Debug|x86.ActiveCfg = Debug|Any CPU
		{5CCA3B8E-94CC-456C-A2E4-7C3C674C42A1}.Debug|x86.Build.0 = Debug|Any CPU
		{5CCA3B8E-94CC-456C-A2E4-7C3C674C42A1}.Release|Any CPU.ActiveCfg = Release|Any CPU
		{5CCA3B8E-94CC-456C-A2E4-7C3C674C42A1}.Release|Any CPU.Build.0 = Release|Any CPU
		{5CCA3B8E-94CC-456C-A2E4-7C3C674C42A1}.Release|x64.ActiveCfg = Release|Any CPU
		{5CCA3B8E-94CC-456C-A2E4-7C3C674C42A1}.Release|x64.Build.0 = Release|Any CPU
		{5CCA3B8E-94CC-456C-A2E4-7C3C674C42A1}.Release|x86.ActiveCfg = Release|Any CPU
		{5CCA3B8E-94CC-456C-A2E4-7C3C674C42A1}.Release|x86.Build.0 = Release|Any CPU
		{1940E3EB-C97F-4C4E-ADBD-37D5836B45DE}.Debug|Any CPU.ActiveCfg = Debug|Any CPU
		{1940E3EB-C97F-4C4E-ADBD-37D5836B45DE}.Debug|Any CPU.Build.0 = Debug|Any CPU
		{1940E3EB-C97F-4C4E-ADBD-37D5836B45DE}.Debug|x64.ActiveCfg = Debug|Any CPU
		{1940E3EB-C97F-4C4E-ADBD-37D5836B45DE}.Debug|x64.Build.0 = Debug|Any CPU
		{1940E3EB-C97F-4C4E-ADBD-37D5836B45DE}.Debug|x86.ActiveCfg = Debug|Any CPU
		{1940E3EB-C97F-4C4E-ADBD-37D5836B45DE}.Debug|x86.Build.0 = Debug|Any CPU
		{1940E3EB-C97F-4C4E-ADBD-37D5836B45DE}.Release|Any CPU.ActiveCfg = Release|Any CPU
		{1940E3EB-C97F-4C4E-ADBD-37D5836B45DE}.Release|Any CPU.Build.0 = Release|Any CPU
		{1940E3EB-C97F-4C4E-ADBD-37D5836B45DE}.Release|x64.ActiveCfg = Release|Any CPU
		{1940E3EB-C97F-4C4E-ADBD-37D5836B45DE}.Release|x64.Build.0 = Release|Any CPU
		{1940E3EB-C97F-4C4E-ADBD-37D5836B45DE}.Release|x86.ActiveCfg = Release|Any CPU
		{1940E3EB-C97F-4C4E-ADBD-37D5836B45DE}.Release|x86.Build.0 = Release|Any CPU
		{1E4F5A38-6484-4C53-866A-090B1E395F87}.Debug|Any CPU.ActiveCfg = Debug|Any CPU
		{1E4F5A38-6484-4C53-866A-090B1E395F87}.Debug|Any CPU.Build.0 = Debug|Any CPU
		{1E4F5A38-6484-4C53-866A-090B1E395F87}.Debug|x64.ActiveCfg = Debug|Any CPU
		{1E4F5A38-6484-4C53-866A-090B1E395F87}.Debug|x64.Build.0 = Debug|Any CPU
		{1E4F5A38-6484-4C53-866A-090B1E395F87}.Debug|x86.ActiveCfg = Debug|Any CPU
		{1E4F5A38-6484-4C53-866A-090B1E395F87}.Debug|x86.Build.0 = Debug|Any CPU
		{1E4F5A38-6484-4C53-866A-090B1E395F87}.Release|Any CPU.ActiveCfg = Release|Any CPU
		{1E4F5A38-6484-4C53-866A-090B1E395F87}.Release|Any CPU.Build.0 = Release|Any CPU
		{1E4F5A38-6484-4C53-866A-090B1E395F87}.Release|x64.ActiveCfg = Release|Any CPU
		{1E4F5A38-6484-4C53-866A-090B1E395F87}.Release|x64.Build.0 = Release|Any CPU
		{1E4F5A38-6484-4C53-866A-090B1E395F87}.Release|x86.ActiveCfg = Release|Any CPU
		{1E4F5A38-6484-4C53-866A-090B1E395F87}.Release|x86.Build.0 = Release|Any CPU
		{37761F7A-D44D-42FA-88B3-B30DC3613F22}.Debug|Any CPU.ActiveCfg = Debug|Any CPU
		{37761F7A-D44D-42FA-88B3-B30DC3613F22}.Debug|Any CPU.Build.0 = Debug|Any CPU
		{37761F7A-D44D-42FA-88B3-B30DC3613F22}.Debug|x64.ActiveCfg = Debug|Any CPU
		{37761F7A-D44D-42FA-88B3-B30DC3613F22}.Debug|x64.Build.0 = Debug|Any CPU
		{37761F7A-D44D-42FA-88B3-B30DC3613F22}.Debug|x86.ActiveCfg = Debug|Any CPU
		{37761F7A-D44D-42FA-88B3-B30DC3613F22}.Debug|x86.Build.0 = Debug|Any CPU
		{37761F7A-D44D-42FA-88B3-B30DC3613F22}.Release|Any CPU.ActiveCfg = Release|Any CPU
		{37761F7A-D44D-42FA-88B3-B30DC3613F22}.Release|Any CPU.Build.0 = Release|Any CPU
		{37761F7A-D44D-42FA-88B3-B30DC3613F22}.Release|x64.ActiveCfg = Release|Any CPU
		{37761F7A-D44D-42FA-88B3-B30DC3613F22}.Release|x64.Build.0 = Release|Any CPU
		{37761F7A-D44D-42FA-88B3-B30DC3613F22}.Release|x86.ActiveCfg = Release|Any CPU
		{37761F7A-D44D-42FA-88B3-B30DC3613F22}.Release|x86.Build.0 = Release|Any CPU
		{DAC9F694-E7B2-461B-8321-8EA31CA26A6B}.Debug|Any CPU.ActiveCfg = Debug|Any CPU
		{DAC9F694-E7B2-461B-8321-8EA31CA26A6B}.Debug|Any CPU.Build.0 = Debug|Any CPU
		{DAC9F694-E7B2-461B-8321-8EA31CA26A6B}.Debug|x64.ActiveCfg = Debug|Any CPU
		{DAC9F694-E7B2-461B-8321-8EA31CA26A6B}.Debug|x64.Build.0 = Debug|Any CPU
		{DAC9F694-E7B2-461B-8321-8EA31CA26A6B}.Debug|x86.ActiveCfg = Debug|Any CPU
		{DAC9F694-E7B2-461B-8321-8EA31CA26A6B}.Debug|x86.Build.0 = Debug|Any CPU
		{DAC9F694-E7B2-461B-8321-8EA31CA26A6B}.Release|Any CPU.ActiveCfg = Release|Any CPU
		{DAC9F694-E7B2-461B-8321-8EA31CA26A6B}.Release|Any CPU.Build.0 = Release|Any CPU
		{DAC9F694-E7B2-461B-8321-8EA31CA26A6B}.Release|x64.ActiveCfg = Release|Any CPU
		{DAC9F694-E7B2-461B-8321-8EA31CA26A6B}.Release|x64.Build.0 = Release|Any CPU
		{DAC9F694-E7B2-461B-8321-8EA31CA26A6B}.Release|x86.ActiveCfg = Release|Any CPU
		{DAC9F694-E7B2-461B-8321-8EA31CA26A6B}.Release|x86.Build.0 = Release|Any CPU
		{198EFC00-A763-4A6C-A4C6-BB0E2F00C03C}.Debug|Any CPU.ActiveCfg = Debug|Any CPU
		{198EFC00-A763-4A6C-A4C6-BB0E2F00C03C}.Debug|Any CPU.Build.0 = Debug|Any CPU
		{198EFC00-A763-4A6C-A4C6-BB0E2F00C03C}.Debug|x64.ActiveCfg = Debug|Any CPU
		{198EFC00-A763-4A6C-A4C6-BB0E2F00C03C}.Debug|x64.Build.0 = Debug|Any CPU
		{198EFC00-A763-4A6C-A4C6-BB0E2F00C03C}.Debug|x86.ActiveCfg = Debug|Any CPU
		{198EFC00-A763-4A6C-A4C6-BB0E2F00C03C}.Debug|x86.Build.0 = Debug|Any CPU
		{198EFC00-A763-4A6C-A4C6-BB0E2F00C03C}.Release|Any CPU.ActiveCfg = Release|Any CPU
		{198EFC00-A763-4A6C-A4C6-BB0E2F00C03C}.Release|Any CPU.Build.0 = Release|Any CPU
		{198EFC00-A763-4A6C-A4C6-BB0E2F00C03C}.Release|x64.ActiveCfg = Release|Any CPU
		{198EFC00-A763-4A6C-A4C6-BB0E2F00C03C}.Release|x64.Build.0 = Release|Any CPU
		{198EFC00-A763-4A6C-A4C6-BB0E2F00C03C}.Release|x86.ActiveCfg = Release|Any CPU
		{198EFC00-A763-4A6C-A4C6-BB0E2F00C03C}.Release|x86.Build.0 = Release|Any CPU
		{AF4345D7-2140-46BC-B490-5D073D4D2091}.Debug|Any CPU.ActiveCfg = Debug|Any CPU
		{AF4345D7-2140-46BC-B490-5D073D4D2091}.Debug|Any CPU.Build.0 = Debug|Any CPU
		{AF4345D7-2140-46BC-B490-5D073D4D2091}.Debug|x64.ActiveCfg = Debug|Any CPU
		{AF4345D7-2140-46BC-B490-5D073D4D2091}.Debug|x64.Build.0 = Debug|Any CPU
		{AF4345D7-2140-46BC-B490-5D073D4D2091}.Debug|x86.ActiveCfg = Debug|Any CPU
		{AF4345D7-2140-46BC-B490-5D073D4D2091}.Debug|x86.Build.0 = Debug|Any CPU
		{AF4345D7-2140-46BC-B490-5D073D4D2091}.Release|Any CPU.ActiveCfg = Release|Any CPU
		{AF4345D7-2140-46BC-B490-5D073D4D2091}.Release|Any CPU.Build.0 = Release|Any CPU
		{AF4345D7-2140-46BC-B490-5D073D4D2091}.Release|x64.ActiveCfg = Release|Any CPU
		{AF4345D7-2140-46BC-B490-5D073D4D2091}.Release|x64.Build.0 = Release|Any CPU
		{AF4345D7-2140-46BC-B490-5D073D4D2091}.Release|x86.ActiveCfg = Release|Any CPU
		{AF4345D7-2140-46BC-B490-5D073D4D2091}.Release|x86.Build.0 = Release|Any CPU
		{C963FF2D-3596-4252-A9DE-C6FFB72AD20C}.Debug|Any CPU.ActiveCfg = Debug|Any CPU
		{C963FF2D-3596-4252-A9DE-C6FFB72AD20C}.Debug|Any CPU.Build.0 = Debug|Any CPU
		{C963FF2D-3596-4252-A9DE-C6FFB72AD20C}.Debug|x64.ActiveCfg = Debug|Any CPU
		{C963FF2D-3596-4252-A9DE-C6FFB72AD20C}.Debug|x64.Build.0 = Debug|Any CPU
		{C963FF2D-3596-4252-A9DE-C6FFB72AD20C}.Debug|x86.ActiveCfg = Debug|Any CPU
		{C963FF2D-3596-4252-A9DE-C6FFB72AD20C}.Debug|x86.Build.0 = Debug|Any CPU
		{C963FF2D-3596-4252-A9DE-C6FFB72AD20C}.Release|Any CPU.ActiveCfg = Release|Any CPU
		{C963FF2D-3596-4252-A9DE-C6FFB72AD20C}.Release|Any CPU.Build.0 = Release|Any CPU
		{C963FF2D-3596-4252-A9DE-C6FFB72AD20C}.Release|x64.ActiveCfg = Release|Any CPU
		{C963FF2D-3596-4252-A9DE-C6FFB72AD20C}.Release|x64.Build.0 = Release|Any CPU
		{C963FF2D-3596-4252-A9DE-C6FFB72AD20C}.Release|x86.ActiveCfg = Release|Any CPU
		{C963FF2D-3596-4252-A9DE-C6FFB72AD20C}.Release|x86.Build.0 = Release|Any CPU
		{A19F4907-EDE3-4019-9249-11A04145958C}.Debug|Any CPU.ActiveCfg = Debug|Any CPU
		{A19F4907-EDE3-4019-9249-11A04145958C}.Debug|Any CPU.Build.0 = Debug|Any CPU
		{A19F4907-EDE3-4019-9249-11A04145958C}.Debug|x64.ActiveCfg = Debug|Any CPU
		{A19F4907-EDE3-4019-9249-11A04145958C}.Debug|x64.Build.0 = Debug|Any CPU
		{A19F4907-EDE3-4019-9249-11A04145958C}.Debug|x86.ActiveCfg = Debug|Any CPU
		{A19F4907-EDE3-4019-9249-11A04145958C}.Debug|x86.Build.0 = Debug|Any CPU
		{A19F4907-EDE3-4019-9249-11A04145958C}.Release|Any CPU.ActiveCfg = Release|Any CPU
		{A19F4907-EDE3-4019-9249-11A04145958C}.Release|Any CPU.Build.0 = Release|Any CPU
		{A19F4907-EDE3-4019-9249-11A04145958C}.Release|x64.ActiveCfg = Release|Any CPU
		{A19F4907-EDE3-4019-9249-11A04145958C}.Release|x64.Build.0 = Release|Any CPU
		{A19F4907-EDE3-4019-9249-11A04145958C}.Release|x86.ActiveCfg = Release|Any CPU
		{A19F4907-EDE3-4019-9249-11A04145958C}.Release|x86.Build.0 = Release|Any CPU
		{E42218DD-8EE7-46B0-B59F-B3242F7829D2}.Debug|Any CPU.ActiveCfg = Debug|Any CPU
		{E42218DD-8EE7-46B0-B59F-B3242F7829D2}.Debug|Any CPU.Build.0 = Debug|Any CPU
		{E42218DD-8EE7-46B0-B59F-B3242F7829D2}.Debug|x64.ActiveCfg = Debug|Any CPU
		{E42218DD-8EE7-46B0-B59F-B3242F7829D2}.Debug|x64.Build.0 = Debug|Any CPU
		{E42218DD-8EE7-46B0-B59F-B3242F7829D2}.Debug|x86.ActiveCfg = Debug|Any CPU
		{E42218DD-8EE7-46B0-B59F-B3242F7829D2}.Debug|x86.Build.0 = Debug|Any CPU
		{E42218DD-8EE7-46B0-B59F-B3242F7829D2}.Release|Any CPU.ActiveCfg = Release|Any CPU
		{E42218DD-8EE7-46B0-B59F-B3242F7829D2}.Release|Any CPU.Build.0 = Release|Any CPU
		{E42218DD-8EE7-46B0-B59F-B3242F7829D2}.Release|x64.ActiveCfg = Release|Any CPU
		{E42218DD-8EE7-46B0-B59F-B3242F7829D2}.Release|x64.Build.0 = Release|Any CPU
		{E42218DD-8EE7-46B0-B59F-B3242F7829D2}.Release|x86.ActiveCfg = Release|Any CPU
		{E42218DD-8EE7-46B0-B59F-B3242F7829D2}.Release|x86.Build.0 = Release|Any CPU
		{3021944D-841B-420B-BEA6-CC402AC51038}.Debug|Any CPU.ActiveCfg = Debug|Any CPU
		{3021944D-841B-420B-BEA6-CC402AC51038}.Debug|Any CPU.Build.0 = Debug|Any CPU
		{3021944D-841B-420B-BEA6-CC402AC51038}.Debug|x64.ActiveCfg = Debug|Any CPU
		{3021944D-841B-420B-BEA6-CC402AC51038}.Debug|x64.Build.0 = Debug|Any CPU
		{3021944D-841B-420B-BEA6-CC402AC51038}.Debug|x86.ActiveCfg = Debug|Any CPU
		{3021944D-841B-420B-BEA6-CC402AC51038}.Debug|x86.Build.0 = Debug|Any CPU
		{3021944D-841B-420B-BEA6-CC402AC51038}.Release|Any CPU.ActiveCfg = Release|Any CPU
		{3021944D-841B-420B-BEA6-CC402AC51038}.Release|Any CPU.Build.0 = Release|Any CPU
		{3021944D-841B-420B-BEA6-CC402AC51038}.Release|x64.ActiveCfg = Release|Any CPU
		{3021944D-841B-420B-BEA6-CC402AC51038}.Release|x64.Build.0 = Release|Any CPU
		{3021944D-841B-420B-BEA6-CC402AC51038}.Release|x86.ActiveCfg = Release|Any CPU
		{3021944D-841B-420B-BEA6-CC402AC51038}.Release|x86.Build.0 = Release|Any CPU
		{8BD12788-D924-4929-87C2-4F25FF76D5E3}.Debug|Any CPU.ActiveCfg = Debug|Any CPU
		{8BD12788-D924-4929-87C2-4F25FF76D5E3}.Debug|Any CPU.Build.0 = Debug|Any CPU
		{8BD12788-D924-4929-87C2-4F25FF76D5E3}.Debug|x64.ActiveCfg = Debug|Any CPU
		{8BD12788-D924-4929-87C2-4F25FF76D5E3}.Debug|x64.Build.0 = Debug|Any CPU
		{8BD12788-D924-4929-87C2-4F25FF76D5E3}.Debug|x86.ActiveCfg = Debug|Any CPU
		{8BD12788-D924-4929-87C2-4F25FF76D5E3}.Debug|x86.Build.0 = Debug|Any CPU
		{8BD12788-D924-4929-87C2-4F25FF76D5E3}.Release|Any CPU.ActiveCfg = Release|Any CPU
		{8BD12788-D924-4929-87C2-4F25FF76D5E3}.Release|Any CPU.Build.0 = Release|Any CPU
		{8BD12788-D924-4929-87C2-4F25FF76D5E3}.Release|x64.ActiveCfg = Release|Any CPU
		{8BD12788-D924-4929-87C2-4F25FF76D5E3}.Release|x64.Build.0 = Release|Any CPU
		{8BD12788-D924-4929-87C2-4F25FF76D5E3}.Release|x86.ActiveCfg = Release|Any CPU
		{8BD12788-D924-4929-87C2-4F25FF76D5E3}.Release|x86.Build.0 = Release|Any CPU
		{A6E5CAE1-D605-4437-8FC5-406C0416598E}.Debug|Any CPU.ActiveCfg = Debug|Any CPU
		{A6E5CAE1-D605-4437-8FC5-406C0416598E}.Debug|Any CPU.Build.0 = Debug|Any CPU
		{A6E5CAE1-D605-4437-8FC5-406C0416598E}.Debug|x64.ActiveCfg = Debug|Any CPU
		{A6E5CAE1-D605-4437-8FC5-406C0416598E}.Debug|x64.Build.0 = Debug|Any CPU
		{A6E5CAE1-D605-4437-8FC5-406C0416598E}.Debug|x86.ActiveCfg = Debug|Any CPU
		{A6E5CAE1-D605-4437-8FC5-406C0416598E}.Debug|x86.Build.0 = Debug|Any CPU
		{A6E5CAE1-D605-4437-8FC5-406C0416598E}.Release|Any CPU.ActiveCfg = Release|Any CPU
		{A6E5CAE1-D605-4437-8FC5-406C0416598E}.Release|Any CPU.Build.0 = Release|Any CPU
		{A6E5CAE1-D605-4437-8FC5-406C0416598E}.Release|x64.ActiveCfg = Release|Any CPU
		{A6E5CAE1-D605-4437-8FC5-406C0416598E}.Release|x64.Build.0 = Release|Any CPU
		{A6E5CAE1-D605-4437-8FC5-406C0416598E}.Release|x86.ActiveCfg = Release|Any CPU
		{A6E5CAE1-D605-4437-8FC5-406C0416598E}.Release|x86.Build.0 = Release|Any CPU
		{6C4131A7-98AE-41C2-82E0-630820896C05}.Debug|Any CPU.ActiveCfg = Debug|Any CPU
		{6C4131A7-98AE-41C2-82E0-630820896C05}.Debug|Any CPU.Build.0 = Debug|Any CPU
		{6C4131A7-98AE-41C2-82E0-630820896C05}.Debug|x64.ActiveCfg = Debug|Any CPU
		{6C4131A7-98AE-41C2-82E0-630820896C05}.Debug|x64.Build.0 = Debug|Any CPU
		{6C4131A7-98AE-41C2-82E0-630820896C05}.Debug|x86.ActiveCfg = Debug|Any CPU
		{6C4131A7-98AE-41C2-82E0-630820896C05}.Debug|x86.Build.0 = Debug|Any CPU
		{6C4131A7-98AE-41C2-82E0-630820896C05}.Release|Any CPU.ActiveCfg = Release|Any CPU
		{6C4131A7-98AE-41C2-82E0-630820896C05}.Release|Any CPU.Build.0 = Release|Any CPU
		{6C4131A7-98AE-41C2-82E0-630820896C05}.Release|x64.ActiveCfg = Release|Any CPU
		{6C4131A7-98AE-41C2-82E0-630820896C05}.Release|x64.Build.0 = Release|Any CPU
		{6C4131A7-98AE-41C2-82E0-630820896C05}.Release|x86.ActiveCfg = Release|Any CPU
		{6C4131A7-98AE-41C2-82E0-630820896C05}.Release|x86.Build.0 = Release|Any CPU
		{990CDB3F-DDAB-4473-B129-1A30A51E5694}.Debug|Any CPU.ActiveCfg = Debug|Any CPU
		{990CDB3F-DDAB-4473-B129-1A30A51E5694}.Debug|Any CPU.Build.0 = Debug|Any CPU
		{990CDB3F-DDAB-4473-B129-1A30A51E5694}.Debug|x64.ActiveCfg = Debug|Any CPU
		{990CDB3F-DDAB-4473-B129-1A30A51E5694}.Debug|x64.Build.0 = Debug|Any CPU
		{990CDB3F-DDAB-4473-B129-1A30A51E5694}.Debug|x86.ActiveCfg = Debug|Any CPU
		{990CDB3F-DDAB-4473-B129-1A30A51E5694}.Debug|x86.Build.0 = Debug|Any CPU
		{990CDB3F-DDAB-4473-B129-1A30A51E5694}.Release|Any CPU.ActiveCfg = Release|Any CPU
		{990CDB3F-DDAB-4473-B129-1A30A51E5694}.Release|Any CPU.Build.0 = Release|Any CPU
		{990CDB3F-DDAB-4473-B129-1A30A51E5694}.Release|x64.ActiveCfg = Release|Any CPU
		{990CDB3F-DDAB-4473-B129-1A30A51E5694}.Release|x64.Build.0 = Release|Any CPU
		{990CDB3F-DDAB-4473-B129-1A30A51E5694}.Release|x86.ActiveCfg = Release|Any CPU
		{990CDB3F-DDAB-4473-B129-1A30A51E5694}.Release|x86.Build.0 = Release|Any CPU
		{56612CFF-4213-49B7-9682-35D9B7AF2EC4}.Debug|Any CPU.ActiveCfg = Debug|Any CPU
		{56612CFF-4213-49B7-9682-35D9B7AF2EC4}.Debug|Any CPU.Build.0 = Debug|Any CPU
		{56612CFF-4213-49B7-9682-35D9B7AF2EC4}.Debug|x64.ActiveCfg = Debug|Any CPU
		{56612CFF-4213-49B7-9682-35D9B7AF2EC4}.Debug|x64.Build.0 = Debug|Any CPU
		{56612CFF-4213-49B7-9682-35D9B7AF2EC4}.Debug|x86.ActiveCfg = Debug|Any CPU
		{56612CFF-4213-49B7-9682-35D9B7AF2EC4}.Debug|x86.Build.0 = Debug|Any CPU
		{56612CFF-4213-49B7-9682-35D9B7AF2EC4}.Release|Any CPU.ActiveCfg = Release|Any CPU
		{56612CFF-4213-49B7-9682-35D9B7AF2EC4}.Release|Any CPU.Build.0 = Release|Any CPU
		{56612CFF-4213-49B7-9682-35D9B7AF2EC4}.Release|x64.ActiveCfg = Release|Any CPU
		{56612CFF-4213-49B7-9682-35D9B7AF2EC4}.Release|x64.Build.0 = Release|Any CPU
		{56612CFF-4213-49B7-9682-35D9B7AF2EC4}.Release|x86.ActiveCfg = Release|Any CPU
		{56612CFF-4213-49B7-9682-35D9B7AF2EC4}.Release|x86.Build.0 = Release|Any CPU
		{1080C319-4B9D-4E23-ADB9-73864FD81670}.Debug|Any CPU.ActiveCfg = Debug|Any CPU
		{1080C319-4B9D-4E23-ADB9-73864FD81670}.Debug|Any CPU.Build.0 = Debug|Any CPU
		{1080C319-4B9D-4E23-ADB9-73864FD81670}.Debug|x64.ActiveCfg = Debug|Any CPU
		{1080C319-4B9D-4E23-ADB9-73864FD81670}.Debug|x64.Build.0 = Debug|Any CPU
		{1080C319-4B9D-4E23-ADB9-73864FD81670}.Debug|x86.ActiveCfg = Debug|Any CPU
		{1080C319-4B9D-4E23-ADB9-73864FD81670}.Debug|x86.Build.0 = Debug|Any CPU
		{1080C319-4B9D-4E23-ADB9-73864FD81670}.Release|Any CPU.ActiveCfg = Release|Any CPU
		{1080C319-4B9D-4E23-ADB9-73864FD81670}.Release|Any CPU.Build.0 = Release|Any CPU
		{1080C319-4B9D-4E23-ADB9-73864FD81670}.Release|x64.ActiveCfg = Release|Any CPU
		{1080C319-4B9D-4E23-ADB9-73864FD81670}.Release|x64.Build.0 = Release|Any CPU
		{1080C319-4B9D-4E23-ADB9-73864FD81670}.Release|x86.ActiveCfg = Release|Any CPU
		{1080C319-4B9D-4E23-ADB9-73864FD81670}.Release|x86.Build.0 = Release|Any CPU
	EndGlobalSection
	GlobalSection(SolutionProperties) = preSolution
		HideSolutionNode = FALSE
	EndGlobalSection
	GlobalSection(NestedProjects) = preSolution
		{A0807BAF-8A67-4617-B1D7-0E6C5C659665} = {6ACD041F-4E18-44F6-B568-1A816D47C007}
		{5CCA3B8E-94CC-456C-A2E4-7C3C674C42A1} = {A0807BAF-8A67-4617-B1D7-0E6C5C659665}
		{1940E3EB-C97F-4C4E-ADBD-37D5836B45DE} = {A0807BAF-8A67-4617-B1D7-0E6C5C659665}
		{1E4F5A38-6484-4C53-866A-090B1E395F87} = {A0807BAF-8A67-4617-B1D7-0E6C5C659665}
		{37761F7A-D44D-42FA-88B3-B30DC3613F22} = {A0807BAF-8A67-4617-B1D7-0E6C5C659665}
		{DAC9F694-E7B2-461B-8321-8EA31CA26A6B} = {6ACD041F-4E18-44F6-B568-1A816D47C007}
		{198EFC00-A763-4A6C-A4C6-BB0E2F00C03C} = {A0807BAF-8A67-4617-B1D7-0E6C5C659665}
		{AF4345D7-2140-46BC-B490-5D073D4D2091} = {A0807BAF-8A67-4617-B1D7-0E6C5C659665}
		{C963FF2D-3596-4252-A9DE-C6FFB72AD20C} = {A0807BAF-8A67-4617-B1D7-0E6C5C659665}
		{A19F4907-EDE3-4019-9249-11A04145958C} = {A0807BAF-8A67-4617-B1D7-0E6C5C659665}
		{E42218DD-8EE7-46B0-B59F-B3242F7829D2} = {6ACD041F-4E18-44F6-B568-1A816D47C007}
		{3021944D-841B-420B-BEA6-CC402AC51038} = {A0807BAF-8A67-4617-B1D7-0E6C5C659665}
		{7FEA9686-8E0F-4F9F-A56F-4A403D77A419} = {6ACD041F-4E18-44F6-B568-1A816D47C007}
		{8BD12788-D924-4929-87C2-4F25FF76D5E3} = {7FEA9686-8E0F-4F9F-A56F-4A403D77A419}
		{A6E5CAE1-D605-4437-8FC5-406C0416598E} = {A0807BAF-8A67-4617-B1D7-0E6C5C659665}
		{6C4131A7-98AE-41C2-82E0-630820896C05} = {7FEA9686-8E0F-4F9F-A56F-4A403D77A419}
		{990CDB3F-DDAB-4473-B129-1A30A51E5694} = {7FEA9686-8E0F-4F9F-A56F-4A403D77A419}
		{56612CFF-4213-49B7-9682-35D9B7AF2EC4} = {7FEA9686-8E0F-4F9F-A56F-4A403D77A419}
		{1080C319-4B9D-4E23-ADB9-73864FD81670} = {7FEA9686-8E0F-4F9F-A56F-4A403D77A419}
	EndGlobalSection
	GlobalSection(ExtensibilityGlobals) = postSolution
		SolutionGuid = {0E62E62B-D512-4595-88CC-DCD54B23A1E8}
	EndGlobalSection
EndGlobal
